
Microsoft Visual Studio Solution File, Format Version 12.00
# Visual Studio 14
VisualStudioVersion = 14.0.24720.0
MinimumVisualStudioVersion = 10.0.40219.1
Project("{2150E333-8FDC-42A3-9474-1A3956D46DE8}") = "src", "src", "{5DB9940E-5255-458B-BA3B-8FB49B39ABCE}"
EndProject
Project("{2150E333-8FDC-42A3-9474-1A3956D46DE8}") = "Solution Items", "Solution Items", "{7AA5C352-68E2-427D-AE22-EDEE29A9DC1C}"
	ProjectSection(SolutionItems) = preProject
		global.json = global.json
	EndProjectSection
EndProject
Project("{8BB2217D-0F2D-49D1-97BC-3654ED321F3B}") = "GamblingWebApp", "src\GamblingWebApp\GamblingWebApp.xproj", "{5BA9D10E-C4A1-448A-91AC-EB6AD165E0C4}"
EndProject
Global
	GlobalSection(SolutionConfigurationPlatforms) = preSolution
		Debug|Any CPU = Debug|Any CPU
		Release|Any CPU = Release|Any CPU
	EndGlobalSection
	GlobalSection(ProjectConfigurationPlatforms) = postSolution
		{5BA9D10E-C4A1-448A-91AC-EB6AD165E0C4}.Debug|Any CPU.ActiveCfg = Debug|Any CPU
		{5BA9D10E-C4A1-448A-91AC-EB6AD165E0C4}.Debug|Any CPU.Build.0 = Debug|Any CPU
		{5BA9D10E-C4A1-448A-91AC-EB6AD165E0C4}.Release|Any CPU.ActiveCfg = Release|Any CPU
		{5BA9D10E-C4A1-448A-91AC-EB6AD165E0C4}.Release|Any CPU.Build.0 = Release|Any CPU
	EndGlobalSection
	GlobalSection(SolutionProperties) = preSolution
		HideSolutionNode = FALSE
	EndGlobalSection
	GlobalSection(NestedProjects) = preSolution
		{5BA9D10E-C4A1-448A-91AC-EB6AD165E0C4} = {5DB9940E-5255-458B-BA3B-8FB49B39ABCE}
	EndGlobalSection
EndGlobal
